# Trans-Canada Bikeshare — pinned toolchain.
#
# Exact versions and hashes of every package the pipeline runs on, direct and
# transitive. `pipeline/requirements.txt` carries lower bounds and is what a
# refresh resolves FROM; this file is what a rebuild installs, and it is the
# one the runbook and CI use. A hash mismatch aborts the install.
#
#   python3.11 -m venv .venv
#   .venv/bin/pip install --require-hashes -r pipeline/requirements.lock
#
# **Python 3.11 only.** Every hash below is a CPython 3.11 (`cp311`) wheel, so
# another minor version has nothing to install and pip fails immediately rather
# than resolving something else. The requirement is stated once in code, in
# `common.PYTHON_REQUIRES`, and asserted on every pipeline import.
#
# Platforms covered: macOS arm64 (the machine this project is built on),
# manylinux x86_64 and manylinux aarch64 (CI runners). Pure-python wheels
# (`py3-none-any`) cover every platform with one hash. A fourth platform has to
# regenerate this file — it is not a silent fallback, it is an install failure.
#
# Regenerate (network, ~5 min):
#
#   .venv/bin/pip freeze > /tmp/frozen.txt
#   for plat in "" \
#     "--python-version 3.11 --implementation cp --abi cp311 --platform manylinux2014_x86_64 --platform manylinux_2_17_x86_64 --platform manylinux_2_28_x86_64 --platform manylinux_2_34_x86_64" \
#     "--python-version 3.11 --implementation cp --abi cp311 --platform manylinux2014_aarch64 --platform manylinux_2_17_aarch64 --platform manylinux_2_28_aarch64 --platform manylinux_2_34_aarch64"; do \
#       .venv/bin/pip download --no-deps -r /tmp/frozen.txt -d /tmp/wheels --only-binary=:all: $plat; done
#   .venv/bin/pip hash /tmp/wheels/*        # one --hash line per distribution
#
# DuckDB is pinned here and nowhere else. Its extensions are NOT in this file —
# they are binaries, they are not vendored into git, and `etl.load_extensions`
# states which ones are needed and where they come from.
#
# Generated 2026-07-31 from the working environment (pip 23.1.2, Python 3.11.4).

# attrs-26.1.0-py3-none-any.whl
attrs==26.1.0 \
    --hash=sha256:c647aa4a12dfbad9333ca4e71fe62ddc36f4e63b2d260a37a8b83d2f043ac309

# certifi-2026.7.22-py3-none-any.whl
certifi==2026.7.22 \
    --hash=sha256:62f22742b58a1a33014a2b6b706588a8d7e2a88ae7bd1a6ebe8c992928483775

# charset_normalizer-3.4.9-cp311-cp311-macosx_10_9_universal2.whl
# charset_normalizer-3.4.9-cp311-cp311-manylinux2014_aarch64.manylinux_2_17_aarch64.manylinux_2_28_aarch64.whl
# charset_normalizer-3.4.9-cp311-cp311-manylinux2014_x86_64.manylinux_2_17_x86_64.manylinux_2_28_x86_64.whl
charset-normalizer==3.4.9 \
    --hash=sha256:0e94703ec9684807f20cfb5eed95c70f67f2a8f21ad620146d7b5a13677b93e5 \
    --hash=sha256:2a441ea71902098ffe78c5abe6c494f44160b4af614ed16c3d9a3b1d17fd8ee2 \
    --hash=sha256:04ce310cb89c15df659582aee80a0603788732a5e017d5bd5c81158106ce249c

# duckdb-1.5.5-cp311-cp311-macosx_11_0_arm64.whl
# duckdb-1.5.5-cp311-cp311-manylinux_2_26_aarch64.manylinux_2_28_aarch64.whl
# duckdb-1.5.5-cp311-cp311-manylinux_2_26_x86_64.manylinux_2_28_x86_64.whl
duckdb==1.5.5 \
    --hash=sha256:0c42757cb34722144bd4dfb94b6f336339e7b2468f6813fa7fa9a319ba07bab4 \
    --hash=sha256:2e72f9e1a4f90a5c8483ad4d540e495bf0834ba61c360b52499a573d7ed62a3f \
    --hash=sha256:b9b6f86ed85d4ef5e0211eaebf75d057bd8bb520bba438a95dd0f4e42234bbfe

# et_xmlfile-2.0.0-py3-none-any.whl
et_xmlfile==2.0.0 \
    --hash=sha256:7a91720bc756843502c3b7504c77b8fe44217c85c537d85037f0f536151b2caa

# idna-3.18-py3-none-any.whl
idna==3.18 \
    --hash=sha256:7f952cbe720b688055e3f87de14f5c3e5fdaa8bc3928985c4077ca689de849a2

# iniconfig-2.3.0-py3-none-any.whl
iniconfig==2.3.0 \
    --hash=sha256:f631c04d2c48c52b84d0d0549c99ff3859c98df65b3101406327ecc7d53fbf12

# jsonschema-4.26.0-py3-none-any.whl
jsonschema==4.26.0 \
    --hash=sha256:d489f15263b8d200f8387e64b4c3a75f06629559fb73deb8fdfb525f2dab50ce

# jsonschema_specifications-2025.9.1-py3-none-any.whl
jsonschema-specifications==2025.9.1 \
    --hash=sha256:98802fee3a11ee76ecaca44429fda8a41bff98b00a0f2838151b113f210cc6fe

# numpy-2.4.6-cp311-cp311-macosx_14_0_arm64.whl
# numpy-2.4.6-cp311-cp311-manylinux_2_27_aarch64.manylinux_2_28_aarch64.whl
# numpy-2.4.6-cp311-cp311-manylinux_2_27_x86_64.manylinux_2_28_x86_64.whl
numpy==2.4.6 \
    --hash=sha256:4cfe66903cc32a9921a6733d96b19bb6abf310397581bbad89c228f5abaf0ee8 \
    --hash=sha256:0ab0a9c4ffb1a6d95ef519fe4247dba8eb6b18ad93999f76b7f657039acabd47 \
    --hash=sha256:89cd468399cfd2504718f0ba50e410dca55a170b61a02ad92bb18c8a65186e93

# openpyxl-3.1.5-py2.py3-none-any.whl
openpyxl==3.1.5 \
    --hash=sha256:5282c12b107bffeef825f4617dc029afaf41d0ea60823bbb665ef3079dc79de2

# packaging-26.2-py3-none-any.whl
packaging==26.2 \
    --hash=sha256:5fc45236b9446107ff2415ce77c807cee2862cb6fac22b8a73826d0693b0980e

# pluggy-1.6.0-py3-none-any.whl
pluggy==1.6.0 \
    --hash=sha256:e920276dd6813095e9377c0bc5566d94c932c33b27a3e3945d8389c374dd4746

# pygments-2.20.0-py3-none-any.whl
Pygments==2.20.0 \
    --hash=sha256:81a9e26dd42fd28a23a2d169d86d7ac03b46e2f8b59ed4698fb4785f946d0176

# pytest-9.1.1-py3-none-any.whl
pytest==9.1.1 \
    --hash=sha256:37a86b45efb9a47a61a36449063e8e18d0cab3161329fc099eb21783169c4f0c

# referencing-0.37.0-py3-none-any.whl
referencing==0.37.0 \
    --hash=sha256:381329a9f99628c9069361716891d34ad94af76e461dcb0335825aecc7692231

# requests-2.34.2-py3-none-any.whl
requests==2.34.2 \
    --hash=sha256:2a0d60c172f83ac6ab31e4554906c0f3b3588d37b5cb939b1c061f4907e278e0

# rpds_py-2026.6.3-cp311-cp311-macosx_11_0_arm64.whl
# rpds_py-2026.6.3-cp311-cp311-manylinux_2_17_aarch64.manylinux2014_aarch64.whl
# rpds_py-2026.6.3-cp311-cp311-manylinux_2_17_x86_64.manylinux2014_x86_64.whl
rpds-py==2026.6.3 \
    --hash=sha256:db08f45aecde626498fb3df07bcf6d2ec040af42e859a4f5040d79c200342911 \
    --hash=sha256:acc992ab27b15f852c76755eb2ab7dce86585ddadba6fa5946e58556088845b4 \
    --hash=sha256:9c1255b302953c86a486b81d330d5ee1d5bd937691ce271b6be0ef0e299eaab7

# typing_extensions-4.16.0-py3-none-any.whl
typing-extensions==4.16.0 \
    --hash=sha256:481caa481374e813c1b176ada14e97f1f67a4539ce9cfeb3f350d78d6370c2e8

# urllib3-2.7.0-py3-none-any.whl
urllib3==2.7.0 \
    --hash=sha256:9fb4c81ebbb1ce9531cce37674bbc6f1360472bc18ca9a553ede278ef7276897
